{
  "name": "ay2324s1-course-assessment-g06",
  "version": "1.0.0",
  "lockfileVersion": 3,
  "requires": true,
  "packages": {
    "": {
      "dependencies": {
        "enoent": "^1.0.0"
      }
    },
    "node_modules/enoent": {
      "version": "1.0.0",
      "resolved": "https://registry.npmjs.org/enoent/-/enoent-1.0.0.tgz",
      "integrity": "sha512-vo95iDpzJylLGymmG5KAsPsjInYZ2XsUY5MC3LeGonX6ycTKlmGmjad6qtIYm+jPH2wnzsonbgF0jQ5Yw1A/zw=="
    }
  }
}
