{
  "name": "ay2324s1-course-assessment-g06",
  "version": "1.0.0",
  "lockfileVersion": 3,
  "requires": true,
  "packages": {
    "": {
      "dependencies": {
        "@uiw/react-tooltip": "^4.22.0",
        "enoent": "^1.0.0"
      }
    },
    "node_modules/@babel/runtime": {
      "version": "7.23.2",
      "resolved": "https://registry.npmjs.org/@babel/runtime/-/runtime-7.23.2.tgz",
      "integrity": "sha512-mM8eg4yl5D6i3lu2QKPuPH4FArvJ8KhTofbE7jwMUv9KX5mBvwPAqnV3MlyBNqdp9RyRKP6Yck8TrfYrPvX3bg==",
      "dependencies": {
        "regenerator-runtime": "^0.14.0"
      },
      "engines": {
        "node": ">=6.9.0"
      }
    },
    "node_modules/@uiw/react-overlay": {
      "version": "4.22.0",
      "resolved": "https://registry.npmjs.org/@uiw/react-overlay/-/react-overlay-4.22.0.tgz",
      "integrity": "sha512-K29rsYkBgbm4GFwWyOBJHKynVj+gNmb6whiZFgkLhRAmFGSdk7y8TnK9Yvf8V7lmum/SUT0YYkSzKyqmWFYuog==",
      "dependencies": {
        "@uiw/react-portal": "^4.22.0",
        "@uiw/utils": "^4.22.0",
        "react-transition-group": "~4.4.2"
      },
      "peerDependencies": {
        "react": ">=16.9.0",
        "react-dom": ">=16.9.0"
      }
    },
    "node_modules/@uiw/react-overlay-trigger": {
      "version": "4.22.0",
      "resolved": "https://registry.npmjs.org/@uiw/react-overlay-trigger/-/react-overlay-trigger-4.22.0.tgz",
      "integrity": "sha512-CVVWiHgL6nliZh8KZ4IoM/ABnGGG+BNaWmmJBp0LH+tJRVyEi8pMLkV4uAxqkl0REKLIjVSiLKePtlu3tX2BHg==",
      "dependencies": {
        "@uiw/react-overlay": "^4.22.0",
        "@uiw/utils": "^4.22.0"
      },
      "peerDependencies": {
        "react": ">=16.9.0",
        "react-dom": ">=16.9.0"
      }
    },
    "node_modules/@uiw/react-portal": {
      "version": "4.22.0",
      "resolved": "https://registry.npmjs.org/@uiw/react-portal/-/react-portal-4.22.0.tgz",
      "integrity": "sha512-7Ebw0CG3qaIaZqdPXa29Q+sdAZdk1jpqH0C13k1o3/dEEOjLV0Cj6MnBSCUphqHuK0C/lD1A5pmb3VIIB3fmkA==",
      "peerDependencies": {
        "react": ">=16.9.0",
        "react-dom": ">=16.9.0"
      }
    },
    "node_modules/@uiw/react-tooltip": {
      "version": "4.22.0",
      "resolved": "https://registry.npmjs.org/@uiw/react-tooltip/-/react-tooltip-4.22.0.tgz",
      "integrity": "sha512-SA62wncENowhkGbjRa2X5tuHnVEMg6+DQFJJkNaz0NXvmhUlxoQQoYC1uTGt9Tw3B1hbGFfe0li/IZt/amjHtQ==",
      "dependencies": {
        "@uiw/react-overlay-trigger": "^4.22.0",
        "@uiw/utils": "^4.22.0"
      },
      "peerDependencies": {
        "react": ">=16.9.0",
        "react-dom": ">=16.9.0"
      }
    },
    "node_modules/@uiw/utils": {
      "version": "4.22.0",
      "resolved": "https://registry.npmjs.org/@uiw/utils/-/utils-4.22.0.tgz",
      "integrity": "sha512-GPTrzkzuoemQOmTE3JUGa6WDaQpwJ3atVTLopAHM84++NmtVYwlSJImd/NPgxBPymVMihKIA+hou8IeAIcHhnQ==",
      "peerDependencies": {
        "react": ">=16.9.0",
        "react-dom": ">=16.9.0"
      }
    },
    "node_modules/csstype": {
      "version": "3.1.2",
      "resolved": "https://registry.npmjs.org/csstype/-/csstype-3.1.2.tgz",
      "integrity": "sha512-I7K1Uu0MBPzaFKg4nI5Q7Vs2t+3gWWW648spaF+Rg7pI9ds18Ugn+lvg4SHczUdKlHI5LWBXyqfS8+DufyBsgQ=="
    },
    "node_modules/dom-helpers": {
      "version": "5.2.1",
      "resolved": "https://registry.npmjs.org/dom-helpers/-/dom-helpers-5.2.1.tgz",
      "integrity": "sha512-nRCa7CK3VTrM2NmGkIy4cbK7IZlgBE/PYMn55rrXefr5xXDP0LdtfPnblFDoVdcAfslJ7or6iqAUnx0CCGIWQA==",
      "dependencies": {
        "@babel/runtime": "^7.8.7",
        "csstype": "^3.0.2"
      }
    },
    "node_modules/enoent": {
      "version": "1.0.0",
      "resolved": "https://registry.npmjs.org/enoent/-/enoent-1.0.0.tgz",
      "integrity": "sha512-vo95iDpzJylLGymmG5KAsPsjInYZ2XsUY5MC3LeGonX6ycTKlmGmjad6qtIYm+jPH2wnzsonbgF0jQ5Yw1A/zw=="
    }
  }
  "packages": {}
}
